<?xml version="1.0" encoding="utf-8"?>
<Project ToolsVersion="4.0" xmlns="http://schemas.microsoft.com/developer/msbuild/2003">
  <ItemGroup>
    <Filter Include="Archivos de código fuente">
      <UniqueIdentifier>{4FC737F1-C7A5-4376-A066-2A32D752A2FF}</UniqueIdentifier>
      <Extensions>cpp;c;cc;cxx;def;odl;idl;hpj;bat;asm;asmx</Extensions>
    </Filter>
    <Filter Include="Archivos de encabezado">
      <UniqueIdentifier>{93995380-89BD-4b04-88EB-625FBE52EBFB}</UniqueIdentifier>
      <Extensions>h;hh;hpp;hxx;hm;inl;inc;xsd</Extensions>
    </Filter>
    <Filter Include="Archivos de recursos">
      <UniqueIdentifier>{67DA6AB6-F800-4c08-8B7A-83BB121AAD01}</UniqueIdentifier>
      <Extensions>rc;ico;cur;bmp;dlg;rc2;rct;bin;rgs;gif;jpg;jpeg;jpe;resx;tiff;tif;png;wav;mfcribbon-ms</Extensions>
    </Filter>
    <Filter Include="Archivos de código fuente\Niveles">
      <UniqueIdentifier>{9bfaee98-7d92-4177-85e2-95c4b0481360}</UniqueIdentifier>
    </Filter>
    <Filter Include="Archivos de código fuente\Estados">
      <UniqueIdentifier>{0fcdfd77-7a6a-43a5-8a23-eb3fece9977e}</UniqueIdentifier>
    </Filter>
    <Filter Include="Archivos de código fuente\Objetos">
      <UniqueIdentifier>{60ba2537-5395-4a10-a304-75c879de63c8}</UniqueIdentifier>
    </Filter>
    <Filter Include="Archivos de código fuente\Abstractas/Padres">
      <UniqueIdentifier>{3eb76645-e7f5-42ed-8c88-594e96d63788}</UniqueIdentifier>
    </Filter>
    <Filter Include="Archivos de encabezado\Estados">
      <UniqueIdentifier>{e4962cb1-327a-4580-b840-70c8d5576436}</UniqueIdentifier>
    </Filter>
    <Filter Include="Archivos de encabezado\Abstractas/Padres">
      <UniqueIdentifier>{a33e1e04-db7b-4183-a789-a2cde9d887bd}</UniqueIdentifier>
    </Filter>
    <Filter Include="Archivos de encabezado\Objetos">
      <UniqueIdentifier>{a6a1c00c-c8a4-4c45-a658-aa17fd352daa}</UniqueIdentifier>
    </Filter>
    <Filter Include="Archivos de encabezado\Niveles">
      <UniqueIdentifier>{54e6de6b-e324-459f-a634-f46d0c3f8bfd}</UniqueIdentifier>
    </Filter>
  </ItemGroup>
  <ItemGroup>
    <ClCompile Include="Main.cpp">
      <Filter>Archivos de código fuente</Filter>
    </ClCompile>
    <ClCompile Include="FinNivel.cpp">
      <Filter>Archivos de código fuente\Estados</Filter>
    </ClCompile>
    <ClCompile Include="Menu.cpp">
      <Filter>Archivos de código fuente\Estados</Filter>
    </ClCompile>
    <ClCompile Include="Play.cpp">
      <Filter>Archivos de código fuente\Estados</Filter>
    </ClCompile>
    <ClCompile Include="Tienda.cpp">
      <Filter>Archivos de código fuente\Estados</Filter>
    </ClCompile>
    <ClCompile Include="Bala.cpp">
      <Filter>Archivos de código fuente\Objetos</Filter>
    </ClCompile>
    <ClCompile Include="BarraHP.cpp">
      <Filter>Archivos de código fuente\Objetos</Filter>
    </ClCompile>
    <ClCompile Include="BotonTienda.cpp">
      <Filter>Archivos de código fuente\Objetos</Filter>
    </ClCompile>
    <ClCompile Include="Button.cpp">
      <Filter>Archivos de código fuente\Objetos</Filter>
    </ClCompile>
    <ClCompile Include="Enemigo.cpp">
      <Filter>Archivos de código fuente\Objetos</Filter>
    </ClCompile>
    <ClCompile Include="Personaje.cpp">
      <Filter>Archivos de código fuente\Objetos</Filter>
    </ClCompile>
    <ClCompile Include="Selector.cpp">
      <Filter>Archivos de código fuente\Objetos</Filter>
    </ClCompile>
    <ClCompile Include="Vagon.cpp">
      <Filter>Archivos de código fuente\Objetos</Filter>
    </ClCompile>
    <ClCompile Include="Trigger.cpp">
      <Filter>Archivos de código fuente\Objetos</Filter>
    </ClCompile>
    <ClCompile Include="Estado.cpp">
      <Filter>Archivos de código fuente\Abstractas/Padres</Filter>
    </ClCompile>
    <ClCompile Include="Objeto.cpp">
      <Filter>Archivos de código fuente\Abstractas/Padres</Filter>
    </ClCompile>
    <ClCompile Include="Font.cpp">
      <Filter>Archivos de código fuente</Filter>
    </ClCompile>
    <ClCompile Include="Sound.cpp">
      <Filter>Archivos de código fuente</Filter>
    </ClCompile>
    <ClCompile Include="Texturas.cpp">
      <Filter>Archivos de código fuente</Filter>
    </ClCompile>
    <ClCompile Include="Game.cpp">
      <Filter>Archivos de código fuente</Filter>
    </ClCompile>
    <ClCompile Include="Nivel3.cpp">
      <Filter>Archivos de código fuente\Niveles</Filter>
    </ClCompile>
    <ClCompile Include="Nivel2.cpp">
      <Filter>Archivos de código fuente\Niveles</Filter>
    </ClCompile>
    <ClCompile Include="Nivel1.cpp">
      <Filter>Archivos de código fuente\Niveles</Filter>
    </ClCompile>
    <ClCompile Include="Nivel4.cpp">
      <Filter>Archivos de código fuente\Niveles</Filter>
    </ClCompile>
    <ClCompile Include="ObjetoTienda.cpp">
      <Filter>Archivos de código fuente\Objetos</Filter>
    </ClCompile>
    <ClCompile Include="ArmaTienda.cpp">
      <Filter>Archivos de código fuente\Objetos</Filter>
    </ClCompile>
    <ClCompile Include="VagonTienda.cpp">
      <Filter>Archivos de código fuente\Objetos</Filter>
    </ClCompile>
    <ClCompile Include="Escenario.cpp">
      <Filter>Archivos de código fuente\Objetos</Filter>
    </ClCompile>
    <ClCompile Include="Nivel5.cpp">
      <Filter>Archivos de código fuente\Niveles</Filter>
    </ClCompile>
    <ClCompile Include="Survival.cpp">
      <Filter>Archivos de código fuente\Niveles</Filter>
    </ClCompile>
    <ClCompile Include="Controles.cpp">
      <Filter>Archivos de código fuente\Estados</Filter>
    </ClCompile>
    <ClCompile Include="Error.cpp">
      <Filter>Archivos de código fuente</Filter>
    </ClCompile>
    <ClCompile Include="Hud.cpp">
      <Filter>Archivos de código fuente\Objetos</Filter>
    </ClCompile>
    <ClCompile Include="FinNivelSvl.cpp">
      <Filter>Archivos de código fuente\Estados</Filter>
    </ClCompile>
    <ClCompile Include="Historia.cpp">
      <Filter>Archivos de código fuente\Estados</Filter>
    </ClCompile>
    <ClCompile Include="PantallaInicio.cpp">
      <Filter>Archivos de código fuente\Estados</Filter>
    </ClCompile>
  </ItemGroup>
  <ItemGroup>
    <ClInclude Include="Texturas.h">
      <Filter>Archivos de encabezado</Filter>
    </ClInclude>
    <ClInclude Include="Sound.h">
      <Filter>Archivos de encabezado</Filter>
    </ClInclude>
    <ClInclude Include="Bala.h">
      <Filter>Archivos de encabezado\Objetos</Filter>
    </ClInclude>
    <ClInclude Include="BarraHP.h">
      <Filter>Archivos de encabezado\Objetos</Filter>
    </ClInclude>
    <ClInclude Include="BotonTienda.h">
      <Filter>Archivos de encabezado\Objetos</Filter>
    </ClInclude>
    <ClInclude Include="Button.h">
      <Filter>Archivos de encabezado\Objetos</Filter>
    </ClInclude>
    <ClInclude Include="Enemigo.h">
      <Filter>Archivos de encabezado\Objetos</Filter>
    </ClInclude>
    <ClInclude Include="Estado.h">
      <Filter>Archivos de encabezado\Abstractas/Padres</Filter>
    </ClInclude>
    <ClInclude Include="FinNivel.h">
      <Filter>Archivos de encabezado\Estados</Filter>
    </ClInclude>
    <ClInclude Include="Menu.h">
      <Filter>Archivos de encabezado\Estados</Filter>
    </ClInclude>
    <ClInclude Include="Objeto.h">
      <Filter>Archivos de encabezado\Abstractas/Padres</Filter>
    </ClInclude>
    <ClInclude Include="Personaje.h">
      <Filter>Archivos de encabezado\Objetos</Filter>
    </ClInclude>
    <ClInclude Include="Play.h">
      <Filter>Archivos de encabezado\Estados</Filter>
    </ClInclude>
    <ClInclude Include="RaizEstado.h">
      <Filter>Archivos de encabezado\Abstractas/Padres</Filter>
    </ClInclude>
    <ClInclude Include="RaizObjeto.h">
      <Filter>Archivos de encabezado\Abstractas/Padres</Filter>
    </ClInclude>
    <ClInclude Include="Selector.h">
      <Filter>Archivos de encabezado\Objetos</Filter>
    </ClInclude>
    <ClInclude Include="Tienda.h">
      <Filter>Archivos de encabezado\Estados</Filter>
    </ClInclude>
    <ClInclude Include="Trigger.h">
      <Filter>Archivos de encabezado\Objetos</Filter>
    </ClInclude>
    <ClInclude Include="Vagon.h">
      <Filter>Archivos de encabezado\Objetos</Filter>
    </ClInclude>
    <ClInclude Include="Font.h">
      <Filter>Archivos de encabezado</Filter>
    </ClInclude>
    <ClInclude Include="Nivel3.h">
      <Filter>Archivos de encabezado\Niveles</Filter>
    </ClInclude>
    <ClInclude Include="Nivel2.h">
      <Filter>Archivos de encabezado\Niveles</Filter>
    </ClInclude>
    <ClInclude Include="Nivel1.h">
      <Filter>Archivos de encabezado\Niveles</Filter>
    </ClInclude>
    <ClInclude Include="Game.h">
      <Filter>Archivos de encabezado</Filter>
    </ClInclude>
    <ClInclude Include="Nivel4.h">
      <Filter>Archivos de encabezado\Niveles</Filter>
    </ClInclude>
    <ClInclude Include="ObjetoTienda.h">
      <Filter>Archivos de encabezado\Objetos</Filter>
    </ClInclude>
    <ClInclude Include="VagonTienda.h">
      <Filter>Archivos de encabezado\Objetos</Filter>
    </ClInclude>
    <ClInclude Include="ArmaTienda.h">
      <Filter>Archivos de encabezado\Objetos</Filter>
    </ClInclude>
    <ClInclude Include="Escenario.h">
      <Filter>Archivos de encabezado\Objetos</Filter>
    </ClInclude>
    <ClInclude Include="Nivel5.h">
      <Filter>Archivos de encabezado\Niveles</Filter>
    </ClInclude>
    <ClInclude Include="Survival.h">
      <Filter>Archivos de encabezado\Niveles</Filter>
    </ClInclude>
    <ClInclude Include="Controles.h">
      <Filter>Archivos de encabezado\Estados</Filter>
    </ClInclude>
    <ClInclude Include="Error.h">
      <Filter>Archivos de encabezado</Filter>
    </ClInclude>
    <ClInclude Include="Hud.h">
      <Filter>Archivos de encabezado\Objetos</Filter>
    </ClInclude>
    <ClInclude Include="FinNivelSvl.h">
      <Filter>Archivos de encabezado\Estados</Filter>
    </ClInclude>
    <ClInclude Include="Historia.h">
      <Filter>Archivos de encabezado\Estados</Filter>
    </ClInclude>
    <ClInclude Include="PantallaInicio.h">
      <Filter>Archivos de encabezado\Estados</Filter>
    </ClInclude>
  </ItemGroup>
</Project>